
Microsoft Visual Studio Solution File, Format Version 12.00
# Visual Studio Version 17
VisualStudioVersion = 17.2.32602.215
MinimumVisualStudioVersion = 10.0.40219.1
Project("{FAE04EC0-301F-11D3-BF4B-00C04F79EFBC}") = "gitapp", "gitapp\gitapp.csproj", "{A44F1A0E-5B22-438E-947F-5493C6C08865}"
EndProject
Global
	GlobalSection(SolutionConfigurationPlatforms) = preSolution
		Debug|Any CPU = Debug|Any CPU
		Release|Any CPU = Release|Any CPU
	EndGlobalSection
	GlobalSection(ProjectConfigurationPlatforms) = postSolution
		{A44F1A0E-5B22-438E-947F-5493C6C08865}.Debug|Any CPU.ActiveCfg = Debug|Any CPU
		{A44F1A0E-5B22-438E-947F-5493C6C08865}.Debug|Any CPU.Build.0 = Debug|Any CPU
		{A44F1A0E-5B22-438E-947F-5493C6C08865}.Release|Any CPU.ActiveCfg = Release|Any CPU
		{A44F1A0E-5B22-438E-947F-5493C6C08865}.Release|Any CPU.Build.0 = Release|Any CPU
	EndGlobalSection
	GlobalSection(SolutionProperties) = preSolution
		HideSolutionNode = FALSE
	EndGlobalSection
	GlobalSection(ExtensibilityGlobals) = postSolution
		SolutionGuid = {4C0B1695-3B09-4986-9AE1-D0C167FC5BFF}
	EndGlobalSection
EndGlobal
